
Microsoft Visual Studio Solution File, Format Version 12.00
# Visual Studio 15
VisualStudioVersion = 15.0.26124.0
MinimumVisualStudioVersion = 15.0.26124.0
Project("{FAE04EC0-301F-11D3-BF4B-00C04F79EFBC}") = "Fibonacci Sequence", "Fibonacci Sequence\Fibonacci Sequence.csproj", "{76872805-9C69-44BD-B7C9-FAF5A70C9000}"
EndProject
Project("{FAE04EC0-301F-11D3-BF4B-00C04F79EFBC}") = "Subsequence", "Subsequence\Subsequence.csproj", "{BF2C6812-DC86-4EEA-898F-FFBD70A9D381}"
EndProject
Project("{FAE04EC0-301F-11D3-BF4B-00C04F79EFBC}") = "Move_Down_Right_Sum", "Move_Down_Right_Sum\Move_Down_Right_Sum.csproj", "{95CB2294-6B36-476B-BA0C-77E2848C1F0D}"
EndProject
Project("{FAE04EC0-301F-11D3-BF4B-00C04F79EFBC}") = "Rod_Cutting", "Rod_Cutting\Rod_Cutting.csproj", "{642A0E59-E3CC-4233-8160-CC326AF8AC28}"
EndProject
Global
	GlobalSection(SolutionConfigurationPlatforms) = preSolution
		Debug|Any CPU = Debug|Any CPU
		Debug|x64 = Debug|x64
		Debug|x86 = Debug|x86
		Release|Any CPU = Release|Any CPU
		Release|x64 = Release|x64
		Release|x86 = Release|x86
	EndGlobalSection
	GlobalSection(SolutionProperties) = preSolution
		HideSolutionNode = FALSE
	EndGlobalSection
	GlobalSection(ProjectConfigurationPlatforms) = postSolution
		{76872805-9C69-44BD-B7C9-FAF5A70C9000}.Debug|Any CPU.ActiveCfg = Debug|Any CPU
		{76872805-9C69-44BD-B7C9-FAF5A70C9000}.Debug|Any CPU.Build.0 = Debug|Any CPU
		{76872805-9C69-44BD-B7C9-FAF5A70C9000}.Debug|x64.ActiveCfg = Debug|Any CPU
		{76872805-9C69-44BD-B7C9-FAF5A70C9000}.Debug|x64.Build.0 = Debug|Any CPU
		{76872805-9C69-44BD-B7C9-FAF5A70C9000}.Debug|x86.ActiveCfg = Debug|Any CPU
		{76872805-9C69-44BD-B7C9-FAF5A70C9000}.Debug|x86.Build.0 = Debug|Any CPU
		{76872805-9C69-44BD-B7C9-FAF5A70C9000}.Release|Any CPU.ActiveCfg = Release|Any CPU
		{76872805-9C69-44BD-B7C9-FAF5A70C9000}.Release|Any CPU.Build.0 = Release|Any CPU
		{76872805-9C69-44BD-B7C9-FAF5A70C9000}.Release|x64.ActiveCfg = Release|Any CPU
		{76872805-9C69-44BD-B7C9-FAF5A70C9000}.Release|x64.Build.0 = Release|Any CPU
		{76872805-9C69-44BD-B7C9-FAF5A70C9000}.Release|x86.ActiveCfg = Release|Any CPU
		{76872805-9C69-44BD-B7C9-FAF5A70C9000}.Release|x86.Build.0 = Release|Any CPU
		{BF2C6812-DC86-4EEA-898F-FFBD70A9D381}.Debug|Any CPU.ActiveCfg = Debug|Any CPU
		{BF2C6812-DC86-4EEA-898F-FFBD70A9D381}.Debug|Any CPU.Build.0 = Debug|Any CPU
		{BF2C6812-DC86-4EEA-898F-FFBD70A9D381}.Debug|x64.ActiveCfg = Debug|Any CPU
		{BF2C6812-DC86-4EEA-898F-FFBD70A9D381}.Debug|x64.Build.0 = Debug|Any CPU
		{BF2C6812-DC86-4EEA-898F-FFBD70A9D381}.Debug|x86.ActiveCfg = Debug|Any CPU
		{BF2C6812-DC86-4EEA-898F-FFBD70A9D381}.Debug|x86.Build.0 = Debug|Any CPU
		{BF2C6812-DC86-4EEA-898F-FFBD70A9D381}.Release|Any CPU.ActiveCfg = Release|Any CPU
		{BF2C6812-DC86-4EEA-898F-FFBD70A9D381}.Release|Any CPU.Build.0 = Release|Any CPU
		{BF2C6812-DC86-4EEA-898F-FFBD70A9D381}.Release|x64.ActiveCfg = Release|Any CPU
		{BF2C6812-DC86-4EEA-898F-FFBD70A9D381}.Release|x64.Build.0 = Release|Any CPU
		{BF2C6812-DC86-4EEA-898F-FFBD70A9D381}.Release|x86.ActiveCfg = Release|Any CPU
		{BF2C6812-DC86-4EEA-898F-FFBD70A9D381}.Release|x86.Build.0 = Release|Any CPU
		{95CB2294-6B36-476B-BA0C-77E2848C1F0D}.Debug|Any CPU.ActiveCfg = Debug|Any CPU
		{95CB2294-6B36-476B-BA0C-77E2848C1F0D}.Debug|Any CPU.Build.0 = Debug|Any CPU
		{95CB2294-6B36-476B-BA0C-77E2848C1F0D}.Debug|x64.ActiveCfg = Debug|Any CPU
		{95CB2294-6B36-476B-BA0C-77E2848C1F0D}.Debug|x64.Build.0 = Debug|Any CPU
		{95CB2294-6B36-476B-BA0C-77E2848C1F0D}.Debug|x86.ActiveCfg = Debug|Any CPU
		{95CB2294-6B36-476B-BA0C-77E2848C1F0D}.Debug|x86.Build.0 = Debug|Any CPU
		{95CB2294-6B36-476B-BA0C-77E2848C1F0D}.Release|Any CPU.ActiveCfg = Release|Any CPU
		{95CB2294-6B36-476B-BA0C-77E2848C1F0D}.Release|Any CPU.Build.0 = Release|Any CPU
		{95CB2294-6B36-476B-BA0C-77E2848C1F0D}.Release|x64.ActiveCfg = Release|Any CPU
		{95CB2294-6B36-476B-BA0C-77E2848C1F0D}.Release|x64.Build.0 = Release|Any CPU
		{95CB2294-6B36-476B-BA0C-77E2848C1F0D}.Release|x86.ActiveCfg = Release|Any CPU
		{95CB2294-6B36-476B-BA0C-77E2848C1F0D}.Release|x86.Build.0 = Release|Any CPU
		{642A0E59-E3CC-4233-8160-CC326AF8AC28}.Debug|Any CPU.ActiveCfg = Debug|Any CPU
		{642A0E59-E3CC-4233-8160-CC326AF8AC28}.Debug|Any CPU.Build.0 = Debug|Any CPU
		{642A0E59-E3CC-4233-8160-CC326AF8AC28}.Debug|x64.ActiveCfg = Debug|Any CPU
		{642A0E59-E3CC-4233-8160-CC326AF8AC28}.Debug|x64.Build.0 = Debug|Any CPU
		{642A0E59-E3CC-4233-8160-CC326AF8AC28}.Debug|x86.ActiveCfg = Debug|Any CPU
		{642A0E59-E3CC-4233-8160-CC326AF8AC28}.Debug|x86.Build.0 = Debug|Any CPU
		{642A0E59-E3CC-4233-8160-CC326AF8AC28}.Release|Any CPU.ActiveCfg = Release|Any CPU
		{642A0E59-E3CC-4233-8160-CC326AF8AC28}.Release|Any CPU.Build.0 = Release|Any CPU
		{642A0E59-E3CC-4233-8160-CC326AF8AC28}.Release|x64.ActiveCfg = Release|Any CPU
		{642A0E59-E3CC-4233-8160-CC326AF8AC28}.Release|x64.Build.0 = Release|Any CPU
		{642A0E59-E3CC-4233-8160-CC326AF8AC28}.Release|x86.ActiveCfg = Release|Any CPU
		{642A0E59-E3CC-4233-8160-CC326AF8AC28}.Release|x86.Build.0 = Release|Any CPU
	EndGlobalSection
EndGlobal
