
Microsoft Visual Studio Solution File, Format Version 12.00
# Visual Studio 15
VisualStudioVersion = 15.0.27130.2027
MinimumVisualStudioVersion = 10.0.40219.1
Project("{9A19103F-16F7-4668-BE54-9A1E7A4F7556}") = "Knight Game", "Knight Game\Knight Game.csproj", "{FFBB5897-7C05-4B94-B413-704562C29B0A}"
EndProject
Project("{FAE04EC0-301F-11D3-BF4B-00C04F79EFBC}") = "Hospital", "Hospital\Hospital.csproj", "{2FD6705E-8BD2-4F29-9701-E5F17A52AC4C}"
EndProject
Project("{FAE04EC0-301F-11D3-BF4B-00C04F79EFBC}") = "Regeh", "Regeh\Regeh.csproj", "{7CA9445C-39A8-4D57-998C-B24AD22AEA11}"
EndProject
Project("{FAE04EC0-301F-11D3-BF4B-00C04F79EFBC}") = "Number Wars", "Number Wars\Number Wars.csproj", "{6DE9AA9A-D1FB-4FD4-A158-B4BC006E5D0A}"
EndProject
Global
	GlobalSection(SolutionConfigurationPlatforms) = preSolution
		Debug|Any CPU = Debug|Any CPU
		Release|Any CPU = Release|Any CPU
	EndGlobalSection
	GlobalSection(ProjectConfigurationPlatforms) = postSolution
		{FFBB5897-7C05-4B94-B413-704562C29B0A}.Debug|Any CPU.ActiveCfg = Debug|Any CPU
		{FFBB5897-7C05-4B94-B413-704562C29B0A}.Debug|Any CPU.Build.0 = Debug|Any CPU
		{FFBB5897-7C05-4B94-B413-704562C29B0A}.Release|Any CPU.ActiveCfg = Release|Any CPU
		{FFBB5897-7C05-4B94-B413-704562C29B0A}.Release|Any CPU.Build.0 = Release|Any CPU
		{2FD6705E-8BD2-4F29-9701-E5F17A52AC4C}.Debug|Any CPU.ActiveCfg = Debug|Any CPU
		{2FD6705E-8BD2-4F29-9701-E5F17A52AC4C}.Debug|Any CPU.Build.0 = Debug|Any CPU
		{2FD6705E-8BD2-4F29-9701-E5F17A52AC4C}.Release|Any CPU.ActiveCfg = Release|Any CPU
		{2FD6705E-8BD2-4F29-9701-E5F17A52AC4C}.Release|Any CPU.Build.0 = Release|Any CPU
		{7CA9445C-39A8-4D57-998C-B24AD22AEA11}.Debug|Any CPU.ActiveCfg = Debug|Any CPU
		{7CA9445C-39A8-4D57-998C-B24AD22AEA11}.Debug|Any CPU.Build.0 = Debug|Any CPU
		{7CA9445C-39A8-4D57-998C-B24AD22AEA11}.Release|Any CPU.ActiveCfg = Release|Any CPU
		{7CA9445C-39A8-4D57-998C-B24AD22AEA11}.Release|Any CPU.Build.0 = Release|Any CPU
		{6DE9AA9A-D1FB-4FD4-A158-B4BC006E5D0A}.Debug|Any CPU.ActiveCfg = Debug|Any CPU
		{6DE9AA9A-D1FB-4FD4-A158-B4BC006E5D0A}.Debug|Any CPU.Build.0 = Debug|Any CPU
		{6DE9AA9A-D1FB-4FD4-A158-B4BC006E5D0A}.Release|Any CPU.ActiveCfg = Release|Any CPU
		{6DE9AA9A-D1FB-4FD4-A158-B4BC006E5D0A}.Release|Any CPU.Build.0 = Release|Any CPU
	EndGlobalSection
	GlobalSection(SolutionProperties) = preSolution
		HideSolutionNode = FALSE
	EndGlobalSection
	GlobalSection(ExtensibilityGlobals) = postSolution
		SolutionGuid = {BFDF2E0D-D505-41B3-8718-84F2AA96DA82}
	EndGlobalSection
EndGlobal
