
Microsoft Visual Studio Solution File, Format Version 12.00
# Visual Studio 15
VisualStudioVersion = 15.0.28307.136
MinimumVisualStudioVersion = 10.0.40219.1
Project("{9A19103F-16F7-4668-BE54-9A1E7A4F7556}") = "Eight_queens_puzzle", "Eight_queens_puzzle\Eight_queens_puzzle.csproj", "{291C595F-6B63-44D6-AB37-4F102001655D}"
EndProject
Project("{9A19103F-16F7-4668-BE54-9A1E7A4F7556}") = "Recursive_drawing", "Recursive_drawing\Recursive_drawing.csproj", "{5A396669-6D5F-4A8B-BB57-9BBCFC46493D}"
EndProject
Project("{FAE04EC0-301F-11D3-BF4B-00C04F79EFBC}") = "Labyrinth", "Labyrinth\Labyrinth.csproj", "{8D2C14C0-7E4B-4AAC-9CA4-2EE0B71F3FC0}"
EndProject
Global
	GlobalSection(SolutionConfigurationPlatforms) = preSolution
		Debug|Any CPU = Debug|Any CPU
		Release|Any CPU = Release|Any CPU
	EndGlobalSection
	GlobalSection(ProjectConfigurationPlatforms) = postSolution
		{291C595F-6B63-44D6-AB37-4F102001655D}.Debug|Any CPU.ActiveCfg = Debug|Any CPU
		{291C595F-6B63-44D6-AB37-4F102001655D}.Debug|Any CPU.Build.0 = Debug|Any CPU
		{291C595F-6B63-44D6-AB37-4F102001655D}.Release|Any CPU.ActiveCfg = Release|Any CPU
		{291C595F-6B63-44D6-AB37-4F102001655D}.Release|Any CPU.Build.0 = Release|Any CPU
		{5A396669-6D5F-4A8B-BB57-9BBCFC46493D}.Debug|Any CPU.ActiveCfg = Debug|Any CPU
		{5A396669-6D5F-4A8B-BB57-9BBCFC46493D}.Debug|Any CPU.Build.0 = Debug|Any CPU
		{5A396669-6D5F-4A8B-BB57-9BBCFC46493D}.Release|Any CPU.ActiveCfg = Release|Any CPU
		{5A396669-6D5F-4A8B-BB57-9BBCFC46493D}.Release|Any CPU.Build.0 = Release|Any CPU
		{8D2C14C0-7E4B-4AAC-9CA4-2EE0B71F3FC0}.Debug|Any CPU.ActiveCfg = Debug|Any CPU
		{8D2C14C0-7E4B-4AAC-9CA4-2EE0B71F3FC0}.Debug|Any CPU.Build.0 = Debug|Any CPU
		{8D2C14C0-7E4B-4AAC-9CA4-2EE0B71F3FC0}.Release|Any CPU.ActiveCfg = Release|Any CPU
		{8D2C14C0-7E4B-4AAC-9CA4-2EE0B71F3FC0}.Release|Any CPU.Build.0 = Release|Any CPU
	EndGlobalSection
	GlobalSection(SolutionProperties) = preSolution
		HideSolutionNode = FALSE
	EndGlobalSection
	GlobalSection(ExtensibilityGlobals) = postSolution
		SolutionGuid = {BC9264BC-39F5-45AD-99DA-6B215E1DD3CB}
	EndGlobalSection
EndGlobal
