
Microsoft Visual Studio Solution File, Format Version 12.00
# Visual Studio 15
VisualStudioVersion = 15.0.26430.6
MinimumVisualStudioVersion = 10.0.40219.1
Project("{FAE04EC0-301F-11D3-BF4B-00C04F79EFBC}") = "Problem 8. Radio Bunn", "Problem 8. Radio Bunn\Problem 8. Radio Bunn.csproj", "{A7654C44-F279-45E4-B0DE-D68FDD512FBE}"
EndProject
Global
	GlobalSection(SolutionConfigurationPlatforms) = preSolution
		Debug|Any CPU = Debug|Any CPU
		Release|Any CPU = Release|Any CPU
	EndGlobalSection
	GlobalSection(ProjectConfigurationPlatforms) = postSolution
		{A7654C44-F279-45E4-B0DE-D68FDD512FBE}.Debug|Any CPU.ActiveCfg = Debug|Any CPU
		{A7654C44-F279-45E4-B0DE-D68FDD512FBE}.Debug|Any CPU.Build.0 = Debug|Any CPU
		{A7654C44-F279-45E4-B0DE-D68FDD512FBE}.Release|Any CPU.ActiveCfg = Release|Any CPU
		{A7654C44-F279-45E4-B0DE-D68FDD512FBE}.Release|Any CPU.Build.0 = Release|Any CPU
	EndGlobalSection
	GlobalSection(SolutionProperties) = preSolution
		HideSolutionNode = FALSE
	EndGlobalSection
EndGlobal
