
Microsoft Visual Studio Solution File, Format Version 12.00
# Visual Studio Version 16
VisualStudioVersion = 16.0.29709.97
MinimumVisualStudioVersion = 10.0.40219.1
Project("{9A19103F-16F7-4668-BE54-9A1E7A4F7556}") = "01. DivideAndConquer", "01. DivideAndConquer\01. DivideAndConquer.csproj", "{8427A9F5-4423-47C9-960E-BEE4E94E1698}"
EndProject
Project("{9A19103F-16F7-4668-BE54-9A1E7A4F7556}") = "02. SortingEnhanced", "02. SortingEnhanced\02. SortingEnhanced.csproj", "{E97734BA-BF11-487C-801B-8F048292BE47}"
EndProject
Project("{9A19103F-16F7-4668-BE54-9A1E7A4F7556}") = "03. ServerCache", "03. ServerCache\03. ServerCache.csproj", "{BF9FBF48-1477-4992-88B3-0F5A4186C841}"
EndProject
Project("{FAE04EC0-301F-11D3-BF4B-00C04F79EFBC}") = "04. FileDownloading", "04. FileDownloading\04. FileDownloading.csproj", "{25909E55-1ECB-48F7-A5DB-996E1CC26FAD}"
EndProject
Project("{FAE04EC0-301F-11D3-BF4B-00C04F79EFBC}") = "05. FolderSync", "05. FolderSync\05. FolderSync.csproj", "{5807B6A0-C41C-459C-81E5-68833CE3C634}"
EndProject
Global
	GlobalSection(SolutionConfigurationPlatforms) = preSolution
		Debug|Any CPU = Debug|Any CPU
		Release|Any CPU = Release|Any CPU
	EndGlobalSection
	GlobalSection(ProjectConfigurationPlatforms) = postSolution
		{8427A9F5-4423-47C9-960E-BEE4E94E1698}.Debug|Any CPU.ActiveCfg = Debug|Any CPU
		{8427A9F5-4423-47C9-960E-BEE4E94E1698}.Debug|Any CPU.Build.0 = Debug|Any CPU
		{8427A9F5-4423-47C9-960E-BEE4E94E1698}.Release|Any CPU.ActiveCfg = Release|Any CPU
		{8427A9F5-4423-47C9-960E-BEE4E94E1698}.Release|Any CPU.Build.0 = Release|Any CPU
		{E97734BA-BF11-487C-801B-8F048292BE47}.Debug|Any CPU.ActiveCfg = Debug|Any CPU
		{E97734BA-BF11-487C-801B-8F048292BE47}.Debug|Any CPU.Build.0 = Debug|Any CPU
		{E97734BA-BF11-487C-801B-8F048292BE47}.Release|Any CPU.ActiveCfg = Release|Any CPU
		{E97734BA-BF11-487C-801B-8F048292BE47}.Release|Any CPU.Build.0 = Release|Any CPU
		{BF9FBF48-1477-4992-88B3-0F5A4186C841}.Debug|Any CPU.ActiveCfg = Debug|Any CPU
		{BF9FBF48-1477-4992-88B3-0F5A4186C841}.Debug|Any CPU.Build.0 = Debug|Any CPU
		{BF9FBF48-1477-4992-88B3-0F5A4186C841}.Release|Any CPU.ActiveCfg = Release|Any CPU
		{BF9FBF48-1477-4992-88B3-0F5A4186C841}.Release|Any CPU.Build.0 = Release|Any CPU
		{25909E55-1ECB-48F7-A5DB-996E1CC26FAD}.Debug|Any CPU.ActiveCfg = Debug|Any CPU
		{25909E55-1ECB-48F7-A5DB-996E1CC26FAD}.Debug|Any CPU.Build.0 = Debug|Any CPU
		{25909E55-1ECB-48F7-A5DB-996E1CC26FAD}.Release|Any CPU.ActiveCfg = Release|Any CPU
		{25909E55-1ECB-48F7-A5DB-996E1CC26FAD}.Release|Any CPU.Build.0 = Release|Any CPU
		{5807B6A0-C41C-459C-81E5-68833CE3C634}.Debug|Any CPU.ActiveCfg = Debug|Any CPU
		{5807B6A0-C41C-459C-81E5-68833CE3C634}.Debug|Any CPU.Build.0 = Debug|Any CPU
		{5807B6A0-C41C-459C-81E5-68833CE3C634}.Release|Any CPU.ActiveCfg = Release|Any CPU
		{5807B6A0-C41C-459C-81E5-68833CE3C634}.Release|Any CPU.Build.0 = Release|Any CPU
	EndGlobalSection
	GlobalSection(SolutionProperties) = preSolution
		HideSolutionNode = FALSE
	EndGlobalSection
	GlobalSection(ExtensibilityGlobals) = postSolution
		SolutionGuid = {191A68B1-5CA8-4C6F-B44D-2F1BA0F3FDDC}
	EndGlobalSection
EndGlobal
