
Microsoft Visual Studio Solution File, Format Version 12.00
# Visual Studio 15
VisualStudioVersion = 15.0.26430.15
MinimumVisualStudioVersion = 10.0.40219.1
Project("{FAE04EC0-301F-11D3-BF4B-00C04F79EFBC}") = "1. Library", "1. Library\1. Library.csproj", "{19437E5B-30BF-4AF7-9FF7-22B908514882}"
EndProject
Project("{FAE04EC0-301F-11D3-BF4B-00C04F79EFBC}") = "2. Library Iterator", "2. Library Iterator\2. Library Iterator.csproj", "{F6B82DDF-6A9C-4468-9DCD-53AA9B682904}"
EndProject
Project("{FAE04EC0-301F-11D3-BF4B-00C04F79EFBC}") = "3. Comparable Book", "3. Comparable Book\3. Comparable Book.csproj", "{DE2A6DB9-94A5-4C89-82B8-1E3AD1EDE657}"
EndProject
Project("{FAE04EC0-301F-11D3-BF4B-00C04F79EFBC}") = "4. Book Comparator", "4. Book Comparator\4. Book Comparator.csproj", "{6F9B7D32-1C97-4554-BF8E-44EC003087E8}"
EndProject
Global
	GlobalSection(SolutionConfigurationPlatforms) = preSolution
		Debug|Any CPU = Debug|Any CPU
		Release|Any CPU = Release|Any CPU
	EndGlobalSection
	GlobalSection(ProjectConfigurationPlatforms) = postSolution
		{19437E5B-30BF-4AF7-9FF7-22B908514882}.Debug|Any CPU.ActiveCfg = Debug|Any CPU
		{19437E5B-30BF-4AF7-9FF7-22B908514882}.Debug|Any CPU.Build.0 = Debug|Any CPU
		{19437E5B-30BF-4AF7-9FF7-22B908514882}.Release|Any CPU.ActiveCfg = Release|Any CPU
		{19437E5B-30BF-4AF7-9FF7-22B908514882}.Release|Any CPU.Build.0 = Release|Any CPU
		{F6B82DDF-6A9C-4468-9DCD-53AA9B682904}.Debug|Any CPU.ActiveCfg = Debug|Any CPU
		{F6B82DDF-6A9C-4468-9DCD-53AA9B682904}.Debug|Any CPU.Build.0 = Debug|Any CPU
		{F6B82DDF-6A9C-4468-9DCD-53AA9B682904}.Release|Any CPU.ActiveCfg = Release|Any CPU
		{F6B82DDF-6A9C-4468-9DCD-53AA9B682904}.Release|Any CPU.Build.0 = Release|Any CPU
		{DE2A6DB9-94A5-4C89-82B8-1E3AD1EDE657}.Debug|Any CPU.ActiveCfg = Debug|Any CPU
		{DE2A6DB9-94A5-4C89-82B8-1E3AD1EDE657}.Debug|Any CPU.Build.0 = Debug|Any CPU
		{DE2A6DB9-94A5-4C89-82B8-1E3AD1EDE657}.Release|Any CPU.ActiveCfg = Release|Any CPU
		{DE2A6DB9-94A5-4C89-82B8-1E3AD1EDE657}.Release|Any CPU.Build.0 = Release|Any CPU
		{6F9B7D32-1C97-4554-BF8E-44EC003087E8}.Debug|Any CPU.ActiveCfg = Debug|Any CPU
		{6F9B7D32-1C97-4554-BF8E-44EC003087E8}.Debug|Any CPU.Build.0 = Debug|Any CPU
		{6F9B7D32-1C97-4554-BF8E-44EC003087E8}.Release|Any CPU.ActiveCfg = Release|Any CPU
		{6F9B7D32-1C97-4554-BF8E-44EC003087E8}.Release|Any CPU.Build.0 = Release|Any CPU
	EndGlobalSection
	GlobalSection(SolutionProperties) = preSolution
		HideSolutionNode = FALSE
	EndGlobalSection
EndGlobal
