
Microsoft Visual Studio Solution File, Format Version 12.00
# Visual Studio 15
VisualStudioVersion = 15.0.26430.6
MinimumVisualStudioVersion = 10.0.40219.1
Project("{FAE04EC0-301F-11D3-BF4B-00C04F79EFBC}") = "Problem 2. Line Numbers", "Problem 2. Line Numbers\Problem 2. Line Numbers.csproj", "{CBF508BC-AB99-4049-B4C4-9B4062C7033C}"
EndProject
Global
	GlobalSection(SolutionConfigurationPlatforms) = preSolution
		Debug|Any CPU = Debug|Any CPU
		Release|Any CPU = Release|Any CPU
	EndGlobalSection
	GlobalSection(ProjectConfigurationPlatforms) = postSolution
		{CBF508BC-AB99-4049-B4C4-9B4062C7033C}.Debug|Any CPU.ActiveCfg = Debug|Any CPU
		{CBF508BC-AB99-4049-B4C4-9B4062C7033C}.Debug|Any CPU.Build.0 = Debug|Any CPU
		{CBF508BC-AB99-4049-B4C4-9B4062C7033C}.Release|Any CPU.ActiveCfg = Release|Any CPU
		{CBF508BC-AB99-4049-B4C4-9B4062C7033C}.Release|Any CPU.Build.0 = Release|Any CPU
	EndGlobalSection
	GlobalSection(SolutionProperties) = preSolution
		HideSolutionNode = FALSE
	EndGlobalSection
EndGlobal
