
Microsoft Visual Studio Solution File, Format Version 12.00
# Visual Studio 14
VisualStudioVersion = 14.0.25420.1
MinimumVisualStudioVersion = 10.0.40219.1
Project("{FAE04EC0-301F-11D3-BF4B-00C04F79EFBC}") = "07. Primes", "07. Primes\07. Primes.csproj", "{C2B70A7C-F542-4B3F-A1C3-787FCA98AE8E}"
EndProject
Global
	GlobalSection(SolutionConfigurationPlatforms) = preSolution
		Debug|Any CPU = Debug|Any CPU
		Release|Any CPU = Release|Any CPU
	EndGlobalSection
	GlobalSection(ProjectConfigurationPlatforms) = postSolution
		{C2B70A7C-F542-4B3F-A1C3-787FCA98AE8E}.Debug|Any CPU.ActiveCfg = Debug|Any CPU
		{C2B70A7C-F542-4B3F-A1C3-787FCA98AE8E}.Debug|Any CPU.Build.0 = Debug|Any CPU
		{C2B70A7C-F542-4B3F-A1C3-787FCA98AE8E}.Release|Any CPU.ActiveCfg = Release|Any CPU
		{C2B70A7C-F542-4B3F-A1C3-787FCA98AE8E}.Release|Any CPU.Build.0 = Release|Any CPU
	EndGlobalSection
	GlobalSection(SolutionProperties) = preSolution
		HideSolutionNode = FALSE
	EndGlobalSection
EndGlobal
