
Microsoft Visual Studio Solution File, Format Version 12.00
# Visual Studio 15
VisualStudioVersion = 15.0.26430.6
MinimumVisualStudioVersion = 10.0.40219.1
Project("{FAE04EC0-301F-11D3-BF4B-00C04F79EFBC}") = "Problem 5. Rubik’s Matrix", "Problem 5. Rubik’s Matrix\Problem 5. Rubik’s Matrix.csproj", "{32836B9A-2FEF-4806-96C1-6043F752E41D}"
EndProject
Global
	GlobalSection(SolutionConfigurationPlatforms) = preSolution
		Debug|Any CPU = Debug|Any CPU
		Release|Any CPU = Release|Any CPU
	EndGlobalSection
	GlobalSection(ProjectConfigurationPlatforms) = postSolution
		{32836B9A-2FEF-4806-96C1-6043F752E41D}.Debug|Any CPU.ActiveCfg = Debug|Any CPU
		{32836B9A-2FEF-4806-96C1-6043F752E41D}.Debug|Any CPU.Build.0 = Debug|Any CPU
		{32836B9A-2FEF-4806-96C1-6043F752E41D}.Release|Any CPU.ActiveCfg = Release|Any CPU
		{32836B9A-2FEF-4806-96C1-6043F752E41D}.Release|Any CPU.Build.0 = Release|Any CPU
	EndGlobalSection
	GlobalSection(SolutionProperties) = preSolution
		HideSolutionNode = FALSE
	EndGlobalSection
EndGlobal
