
Microsoft Visual Studio Solution File, Format Version 12.00
# Visual Studio Version 16
VisualStudioVersion = 16.0.31129.286
MinimumVisualStudioVersion = 10.0.40219.1
Project("{FAE04EC0-301F-11D3-BF4B-00C04F79EFBC}") = "Text Editor", "Text Editor.csproj", "{1C4DDC38-5C49-43E5-8F2E-7DAC4D35EE22}"
EndProject
Global
	GlobalSection(SolutionConfigurationPlatforms) = preSolution
		Debug|Any CPU = Debug|Any CPU
		Release|Any CPU = Release|Any CPU
	EndGlobalSection
	GlobalSection(ProjectConfigurationPlatforms) = postSolution
		{1C4DDC38-5C49-43E5-8F2E-7DAC4D35EE22}.Debug|Any CPU.ActiveCfg = Debug|Any CPU
		{1C4DDC38-5C49-43E5-8F2E-7DAC4D35EE22}.Debug|Any CPU.Build.0 = Debug|Any CPU
		{1C4DDC38-5C49-43E5-8F2E-7DAC4D35EE22}.Release|Any CPU.ActiveCfg = Release|Any CPU
		{1C4DDC38-5C49-43E5-8F2E-7DAC4D35EE22}.Release|Any CPU.Build.0 = Release|Any CPU
	EndGlobalSection
	GlobalSection(SolutionProperties) = preSolution
		HideSolutionNode = FALSE
	EndGlobalSection
	GlobalSection(ExtensibilityGlobals) = postSolution
		SolutionGuid = {1BE027A7-0400-49E4-82BB-7FAE6DE2EDE0}
	EndGlobalSection
EndGlobal
