
Microsoft Visual Studio Solution File, Format Version 12.00
# Visual Studio 15
VisualStudioVersion = 15.0.26430.13
MinimumVisualStudioVersion = 10.0.40219.1
Project("{FAE04EC0-301F-11D3-BF4B-00C04F79EFBC}") = "13. Office Stuff", "13. Office Stuff\13. Office Stuff.csproj", "{CBD37ADB-17AE-409D-8940-B545CDC15104}"
EndProject
Global
	GlobalSection(SolutionConfigurationPlatforms) = preSolution
		Debug|Any CPU = Debug|Any CPU
		Release|Any CPU = Release|Any CPU
	EndGlobalSection
	GlobalSection(ProjectConfigurationPlatforms) = postSolution
		{CBD37ADB-17AE-409D-8940-B545CDC15104}.Debug|Any CPU.ActiveCfg = Debug|Any CPU
		{CBD37ADB-17AE-409D-8940-B545CDC15104}.Debug|Any CPU.Build.0 = Debug|Any CPU
		{CBD37ADB-17AE-409D-8940-B545CDC15104}.Release|Any CPU.ActiveCfg = Release|Any CPU
		{CBD37ADB-17AE-409D-8940-B545CDC15104}.Release|Any CPU.Build.0 = Release|Any CPU
	EndGlobalSection
	GlobalSection(SolutionProperties) = preSolution
		HideSolutionNode = FALSE
	EndGlobalSection
EndGlobal
