
Microsoft Visual Studio Solution File, Format Version 12.00
# Visual Studio 15
VisualStudioVersion = 15.0.26430.6
MinimumVisualStudioVersion = 10.0.40219.1
Project("{FAE04EC0-301F-11D3-BF4B-00C04F79EFBC}") = "09. Stack Fibonacci", "09. Stack Fibonacci\09. Stack Fibonacci.csproj", "{71D25FCE-A70E-47B9-A7DF-87AA8103F941}"
EndProject
Global
	GlobalSection(SolutionConfigurationPlatforms) = preSolution
		Debug|Any CPU = Debug|Any CPU
		Release|Any CPU = Release|Any CPU
	EndGlobalSection
	GlobalSection(ProjectConfigurationPlatforms) = postSolution
		{71D25FCE-A70E-47B9-A7DF-87AA8103F941}.Debug|Any CPU.ActiveCfg = Debug|Any CPU
		{71D25FCE-A70E-47B9-A7DF-87AA8103F941}.Debug|Any CPU.Build.0 = Debug|Any CPU
		{71D25FCE-A70E-47B9-A7DF-87AA8103F941}.Release|Any CPU.ActiveCfg = Release|Any CPU
		{71D25FCE-A70E-47B9-A7DF-87AA8103F941}.Release|Any CPU.Build.0 = Release|Any CPU
	EndGlobalSection
	GlobalSection(SolutionProperties) = preSolution
		HideSolutionNode = FALSE
	EndGlobalSection
EndGlobal
