
Microsoft Visual Studio Solution File, Format Version 12.00
# Visual Studio 15
VisualStudioVersion = 15.0.26430.6
MinimumVisualStudioVersion = 10.0.40219.1
Project("{FAE04EC0-301F-11D3-BF4B-00C04F79EFBC}") = "03. Format Num", "03. Format Num\03. Format Num.csproj", "{18BB99BE-BC87-42AC-9819-EAD69BC2387E}"
EndProject
Global
	GlobalSection(SolutionConfigurationPlatforms) = preSolution
		Debug|Any CPU = Debug|Any CPU
		Release|Any CPU = Release|Any CPU
	EndGlobalSection
	GlobalSection(ProjectConfigurationPlatforms) = postSolution
		{18BB99BE-BC87-42AC-9819-EAD69BC2387E}.Debug|Any CPU.ActiveCfg = Debug|Any CPU
		{18BB99BE-BC87-42AC-9819-EAD69BC2387E}.Debug|Any CPU.Build.0 = Debug|Any CPU
		{18BB99BE-BC87-42AC-9819-EAD69BC2387E}.Release|Any CPU.ActiveCfg = Release|Any CPU
		{18BB99BE-BC87-42AC-9819-EAD69BC2387E}.Release|Any CPU.Build.0 = Release|Any CPU
	EndGlobalSection
	GlobalSection(SolutionProperties) = preSolution
		HideSolutionNode = FALSE
	EndGlobalSection
EndGlobal
