
Microsoft Visual Studio Solution File, Format Version 12.00
# Visual Studio 14
VisualStudioVersion = 14.0.25420.1
MinimumVisualStudioVersion = 10.0.40219.1
Project("{FAE04EC0-301F-11D3-BF4B-00C04F79EFBC}") = "17. Print Part Of", "17. Print Part Of\17. Print Part Of.csproj", "{AB59BC17-5BE6-4D64-B891-9549093F0BBB}"
EndProject
Global
	GlobalSection(SolutionConfigurationPlatforms) = preSolution
		Debug|Any CPU = Debug|Any CPU
		Release|Any CPU = Release|Any CPU
	EndGlobalSection
	GlobalSection(ProjectConfigurationPlatforms) = postSolution
		{AB59BC17-5BE6-4D64-B891-9549093F0BBB}.Debug|Any CPU.ActiveCfg = Debug|Any CPU
		{AB59BC17-5BE6-4D64-B891-9549093F0BBB}.Debug|Any CPU.Build.0 = Debug|Any CPU
		{AB59BC17-5BE6-4D64-B891-9549093F0BBB}.Release|Any CPU.ActiveCfg = Release|Any CPU
		{AB59BC17-5BE6-4D64-B891-9549093F0BBB}.Release|Any CPU.Build.0 = Release|Any CPU
	EndGlobalSection
	GlobalSection(SolutionProperties) = preSolution
		HideSolutionNode = FALSE
	EndGlobalSection
EndGlobal
