
Microsoft Visual Studio Solution File, Format Version 12.00
# Visual Studio 15
VisualStudioVersion = 15.0.26430.6
MinimumVisualStudioVersion = 10.0.40219.1
Project("{FAE04EC0-301F-11D3-BF4B-00C04F79EFBC}") = "01. Students Results", "01. Students Results\01. Students Results.csproj", "{21373E1A-B922-40DF-A584-2935048BC280}"
EndProject
Global
	GlobalSection(SolutionConfigurationPlatforms) = preSolution
		Debug|Any CPU = Debug|Any CPU
		Release|Any CPU = Release|Any CPU
	EndGlobalSection
	GlobalSection(ProjectConfigurationPlatforms) = postSolution
		{21373E1A-B922-40DF-A584-2935048BC280}.Debug|Any CPU.ActiveCfg = Debug|Any CPU
		{21373E1A-B922-40DF-A584-2935048BC280}.Debug|Any CPU.Build.0 = Debug|Any CPU
		{21373E1A-B922-40DF-A584-2935048BC280}.Release|Any CPU.ActiveCfg = Release|Any CPU
		{21373E1A-B922-40DF-A584-2935048BC280}.Release|Any CPU.Build.0 = Release|Any CPU
	EndGlobalSection
	GlobalSection(SolutionProperties) = preSolution
		HideSolutionNode = FALSE
	EndGlobalSection
EndGlobal
