
Microsoft Visual Studio Solution File, Format Version 12.00
# Visual Studio 15
VisualStudioVersion = 15.0.26430.13
MinimumVisualStudioVersion = 10.0.40219.1
Project("{FAE04EC0-301F-11D3-BF4B-00C04F79EFBC}") = "Problem 1. Class Box", "Problem 1. Class Box\Problem 1. Class Box.csproj", "{6663158E-4BD2-4B12-BC6C-5B83A28A5B5D}"
EndProject
Project("{FAE04EC0-301F-11D3-BF4B-00C04F79EFBC}") = "Problem 2. Class Box Validation", "Problem 2. Class Box Validation\Problem 2. Class Box Validation.csproj", "{8B924A5B-95F4-42FE-B79B-0DDA1741719A}"
EndProject
Project("{FAE04EC0-301F-11D3-BF4B-00C04F79EFBC}") = "Problem 4. Shopping Spree", "Problem 4. Shopping Spree\Problem 4. Shopping Spree.csproj", "{B0E998FF-1BA8-447A-AE49-4576C76E7EFE}"
EndProject
Project("{FAE04EC0-301F-11D3-BF4B-00C04F79EFBC}") = "Problem 5. Pizza Calories", "Problem 5. Pizza Calories\Problem 5. Pizza Calories.csproj", "{9436128F-6A14-4E49-B20D-4B64A549CD37}"
EndProject
Project("{FAE04EC0-301F-11D3-BF4B-00C04F79EFBC}") = "Problem 6. Football Team Gen", "Problem 6. Football Team Gen\Problem 6. Football Team Gen.csproj", "{C0751989-FA26-43A6-9B49-5BF51BDCB108}"
EndProject
Global
	GlobalSection(SolutionConfigurationPlatforms) = preSolution
		Debug|Any CPU = Debug|Any CPU
		Release|Any CPU = Release|Any CPU
	EndGlobalSection
	GlobalSection(ProjectConfigurationPlatforms) = postSolution
		{6663158E-4BD2-4B12-BC6C-5B83A28A5B5D}.Debug|Any CPU.ActiveCfg = Debug|Any CPU
		{6663158E-4BD2-4B12-BC6C-5B83A28A5B5D}.Debug|Any CPU.Build.0 = Debug|Any CPU
		{6663158E-4BD2-4B12-BC6C-5B83A28A5B5D}.Release|Any CPU.ActiveCfg = Release|Any CPU
		{6663158E-4BD2-4B12-BC6C-5B83A28A5B5D}.Release|Any CPU.Build.0 = Release|Any CPU
		{8B924A5B-95F4-42FE-B79B-0DDA1741719A}.Debug|Any CPU.ActiveCfg = Debug|Any CPU
		{8B924A5B-95F4-42FE-B79B-0DDA1741719A}.Debug|Any CPU.Build.0 = Debug|Any CPU
		{8B924A5B-95F4-42FE-B79B-0DDA1741719A}.Release|Any CPU.ActiveCfg = Release|Any CPU
		{8B924A5B-95F4-42FE-B79B-0DDA1741719A}.Release|Any CPU.Build.0 = Release|Any CPU
		{B0E998FF-1BA8-447A-AE49-4576C76E7EFE}.Debug|Any CPU.ActiveCfg = Debug|Any CPU
		{B0E998FF-1BA8-447A-AE49-4576C76E7EFE}.Debug|Any CPU.Build.0 = Debug|Any CPU
		{B0E998FF-1BA8-447A-AE49-4576C76E7EFE}.Release|Any CPU.ActiveCfg = Release|Any CPU
		{B0E998FF-1BA8-447A-AE49-4576C76E7EFE}.Release|Any CPU.Build.0 = Release|Any CPU
		{9436128F-6A14-4E49-B20D-4B64A549CD37}.Debug|Any CPU.ActiveCfg = Debug|Any CPU
		{9436128F-6A14-4E49-B20D-4B64A549CD37}.Debug|Any CPU.Build.0 = Debug|Any CPU
		{9436128F-6A14-4E49-B20D-4B64A549CD37}.Release|Any CPU.ActiveCfg = Release|Any CPU
		{9436128F-6A14-4E49-B20D-4B64A549CD37}.Release|Any CPU.Build.0 = Release|Any CPU
		{C0751989-FA26-43A6-9B49-5BF51BDCB108}.Debug|Any CPU.ActiveCfg = Debug|Any CPU
		{C0751989-FA26-43A6-9B49-5BF51BDCB108}.Debug|Any CPU.Build.0 = Debug|Any CPU
		{C0751989-FA26-43A6-9B49-5BF51BDCB108}.Release|Any CPU.ActiveCfg = Release|Any CPU
		{C0751989-FA26-43A6-9B49-5BF51BDCB108}.Release|Any CPU.Build.0 = Release|Any CPU
	EndGlobalSection
	GlobalSection(SolutionProperties) = preSolution
		HideSolutionNode = FALSE
	EndGlobalSection
EndGlobal
