
Microsoft Visual Studio Solution File, Format Version 12.00
# Visual Studio 15
VisualStudioVersion = 15.0.26430.13
MinimumVisualStudioVersion = 10.0.40219.1
Project("{FAE04EC0-301F-11D3-BF4B-00C04F79EFBC}") = "06. Find and Sum Int", "06. Find and Sum Int\06. Find and Sum Int.csproj", "{B6DAF69B-2A70-43FD-89D3-EE5B71A32013}"
EndProject
Global
	GlobalSection(SolutionConfigurationPlatforms) = preSolution
		Debug|Any CPU = Debug|Any CPU
		Release|Any CPU = Release|Any CPU
	EndGlobalSection
	GlobalSection(ProjectConfigurationPlatforms) = postSolution
		{B6DAF69B-2A70-43FD-89D3-EE5B71A32013}.Debug|Any CPU.ActiveCfg = Debug|Any CPU
		{B6DAF69B-2A70-43FD-89D3-EE5B71A32013}.Debug|Any CPU.Build.0 = Debug|Any CPU
		{B6DAF69B-2A70-43FD-89D3-EE5B71A32013}.Release|Any CPU.ActiveCfg = Release|Any CPU
		{B6DAF69B-2A70-43FD-89D3-EE5B71A32013}.Release|Any CPU.Build.0 = Release|Any CPU
	EndGlobalSection
	GlobalSection(SolutionProperties) = preSolution
		HideSolutionNode = FALSE
	EndGlobalSection
EndGlobal
