
Microsoft Visual Studio Solution File, Format Version 12.00
# Visual Studio 15
VisualStudioVersion = 15.0.26430.13
MinimumVisualStudioVersion = 10.0.40219.1
Project("{FAE04EC0-301F-11D3-BF4B-00C04F79EFBC}") = "05. Applied Arithmetics", "05. Applied Arithmetics\05. Applied Arithmetics.csproj", "{FB1A5FBE-1ECC-494E-8431-447A685EE000}"
EndProject
Global
	GlobalSection(SolutionConfigurationPlatforms) = preSolution
		Debug|Any CPU = Debug|Any CPU
		Release|Any CPU = Release|Any CPU
	EndGlobalSection
	GlobalSection(ProjectConfigurationPlatforms) = postSolution
		{FB1A5FBE-1ECC-494E-8431-447A685EE000}.Debug|Any CPU.ActiveCfg = Debug|Any CPU
		{FB1A5FBE-1ECC-494E-8431-447A685EE000}.Debug|Any CPU.Build.0 = Debug|Any CPU
		{FB1A5FBE-1ECC-494E-8431-447A685EE000}.Release|Any CPU.ActiveCfg = Release|Any CPU
		{FB1A5FBE-1ECC-494E-8431-447A685EE000}.Release|Any CPU.Build.0 = Release|Any CPU
	EndGlobalSection
	GlobalSection(SolutionProperties) = preSolution
		HideSolutionNode = FALSE
	EndGlobalSection
EndGlobal
