
Microsoft Visual Studio Solution File, Format Version 12.00
# Visual Studio 15
VisualStudioVersion = 15.0.26430.6
MinimumVisualStudioVersion = 10.0.40219.1
Project("{FAE04EC0-301F-11D3-BF4B-00C04F79EFBC}") = "Math Patato", "Math Patato\Math Patato.csproj", "{1747EAB4-FC6E-4DCA-B496-B84C8D5CA83F}"
EndProject
Global
	GlobalSection(SolutionConfigurationPlatforms) = preSolution
		Debug|Any CPU = Debug|Any CPU
		Release|Any CPU = Release|Any CPU
	EndGlobalSection
	GlobalSection(ProjectConfigurationPlatforms) = postSolution
		{1747EAB4-FC6E-4DCA-B496-B84C8D5CA83F}.Debug|Any CPU.ActiveCfg = Debug|Any CPU
		{1747EAB4-FC6E-4DCA-B496-B84C8D5CA83F}.Debug|Any CPU.Build.0 = Debug|Any CPU
		{1747EAB4-FC6E-4DCA-B496-B84C8D5CA83F}.Release|Any CPU.ActiveCfg = Release|Any CPU
		{1747EAB4-FC6E-4DCA-B496-B84C8D5CA83F}.Release|Any CPU.Build.0 = Release|Any CPU
	EndGlobalSection
	GlobalSection(SolutionProperties) = preSolution
		HideSolutionNode = FALSE
	EndGlobalSection
EndGlobal
