
Microsoft Visual Studio Solution File, Format Version 12.00
# Visual Studio 14
VisualStudioVersion = 14.0.25420.1
MinimumVisualStudioVersion = 10.0.40219.1
Project("{FAE04EC0-301F-11D3-BF4B-00C04F79EFBC}") = "14. Integer to Hex", "14. Integer to Hex\14. Integer to Hex.csproj", "{07F00F54-BB38-47F1-A05C-4FCBCC01357D}"
EndProject
Global
	GlobalSection(SolutionConfigurationPlatforms) = preSolution
		Debug|Any CPU = Debug|Any CPU
		Release|Any CPU = Release|Any CPU
	EndGlobalSection
	GlobalSection(ProjectConfigurationPlatforms) = postSolution
		{07F00F54-BB38-47F1-A05C-4FCBCC01357D}.Debug|Any CPU.ActiveCfg = Debug|Any CPU
		{07F00F54-BB38-47F1-A05C-4FCBCC01357D}.Debug|Any CPU.Build.0 = Debug|Any CPU
		{07F00F54-BB38-47F1-A05C-4FCBCC01357D}.Release|Any CPU.ActiveCfg = Release|Any CPU
		{07F00F54-BB38-47F1-A05C-4FCBCC01357D}.Release|Any CPU.Build.0 = Release|Any CPU
	EndGlobalSection
	GlobalSection(SolutionProperties) = preSolution
		HideSolutionNode = FALSE
	EndGlobalSection
EndGlobal
